// !$*UTF8*$!
{
	archiveVersion = 1;
	classes = {
	};
	objectVersion = 46;
	objects = {

/* Begin PBXBuildFile section */
		1A15ED131A5DC30B00D40BDD /* OrderedSet_Tests.swift in Sources */ = {isa = PBXBuildFile; fileRef = 1A15ED121A5DC30B00D40BDD /* OrderedSet_Tests.swift */; };
		1ABC4FBD1A5C966200DC4F4D /* AppDelegate.swift in Sources */ = {isa = PBXBuildFile; fileRef = 1ABC4FBC1A5C966200DC4F4D /* AppDelegate.swift */; };
		1ABC4FBF1A5C966200DC4F4D /* MasterViewController.swift in Sources */ = {isa = PBXBuildFile; fileRef = 1ABC4FBE1A5C966200DC4F4D /* MasterViewController.swift */; };
		1ABC4FC41A5C966200DC4F4D /* Main.storyboard in Resources */ = {isa = PBXBuildFile; fileRef = 1ABC4FC21A5C966200DC4F4D /* Main.storyboard */; };
		1ABC4FC61A5C966200DC4F4D /* Images.xcassets in Resources */ = {isa = PBXBuildFile; fileRef = 1ABC4FC51A5C966200DC4F4D /* Images.xcassets */; };
		1ABC4FC91A5C966200DC4F4D /* LaunchScreen.xib in Resources */ = {isa = PBXBuildFile; fileRef = 1ABC4FC71A5C966200DC4F4D /* LaunchScreen.xib */; };
		1ABC4FDF1A5C97F500DC4F4D /* OrderedSet.swift in Sources */ = {isa = PBXBuildFile; fileRef = 1ABC4FDE1A5C97F500DC4F4D /* OrderedSet.swift */; };
/* End PBXBuildFile section */

/* Begin PBXContainerItemProxy section */
		1ABC4FCF1A5C966200DC4F4D /* PBXContainerItemProxy */ = {
			isa = PBXContainerItemProxy;
			containerPortal = 1ABC4FAF1A5C966200DC4F4D /* Project object */;
			proxyType = 1;
			remoteGlobalIDString = 1ABC4FB61A5C966200DC4F4D;
			remoteInfo = OrderedSet;
		};
/* End PBXContainerItemProxy section */

/* Begin PBXFileReference section */
		1A15ED121A5DC30B00D40BDD /* OrderedSet_Tests.swift */ = {isa = PBXFileReference; fileEncoding = 4; lastKnownFileType = sourcecode.swift; path = OrderedSet_Tests.swift; sourceTree = "<group>"; };
		1ABC4FB71A5C966200DC4F4D /* OrderedSet.app */ = {isa = PBXFileReference; explicitFileType = wrapper.application; includeInIndex = 0; path = OrderedSet.app; sourceTree = BUILT_PRODUCTS_DIR; };
		1ABC4FBB1A5C966200DC4F4D /* Info.plist */ = {isa = PBXFileReference; lastKnownFileType = text.plist.xml; path = Info.plist; sourceTree = "<group>"; };
		1ABC4FBC1A5C966200DC4F4D /* AppDelegate.swift */ = {isa = PBXFileReference; lastKnownFileType = sourcecode.swift; path = AppDelegate.swift; sourceTree = "<group>"; };
		1ABC4FBE1A5C966200DC4F4D /* MasterViewController.swift */ = {isa = PBXFileReference; lastKnownFileType = sourcecode.swift; path = MasterViewController.swift; sourceTree = "<group>"; };
		1ABC4FC31A5C966200DC4F4D /* Base */ = {isa = PBXFileReference; lastKnownFileType = file.storyboard; name = Base; path = Base.lproj/Main.storyboard; sourceTree = "<group>"; };
		1ABC4FC51A5C966200DC4F4D /* Images.xcassets */ = {isa = PBXFileReference; lastKnownFileType = folder.assetcatalog; path = Images.xcassets; sourceTree = "<group>"; };
		1ABC4FC81A5C966200DC4F4D /* Base */ = {isa = PBXFileReference; lastKnownFileType = file.xib; name = Base; path = Base.lproj/LaunchScreen.xib; sourceTree = "<group>"; };
		1ABC4FCE1A5C966200DC4F4D /* OrderedSetTests.xctest */ = {isa = PBXFileReference; explicitFileType = wrapper.cfbundle; includeInIndex = 0; path = OrderedSetTests.xctest; sourceTree = BUILT_PRODUCTS_DIR; };
		1ABC4FD31A5C966200DC4F4D /* Info.plist */ = {isa = PBXFileReference; lastKnownFileType = text.plist.xml; path = Info.plist; sourceTree = "<group>"; };
		1ABC4FDE1A5C97F500DC4F4D /* OrderedSet.swift */ = {isa = PBXFileReference; fileEncoding = 4; lastKnownFileType = sourcecode.swift; name = OrderedSet.swift; path = ../../Sources/OrderedSet.swift; sourceTree = "<group>"; };
/* End PBXFileReference section */

/* Begin PBXFrameworksBuildPhase section */
		1ABC4FB41A5C966200DC4F4D /* Frameworks */ = {
			isa = PBXFrameworksBuildPhase;
			buildActionMask = 2147483647;
			files = (
			);
			runOnlyForDeploymentPostprocessing = 0;
		};
		1ABC4FCB1A5C966200DC4F4D /* Frameworks */ = {
			isa = PBXFrameworksBuildPhase;
			buildActionMask = 2147483647;
			files = (
			);
			runOnlyForDeploymentPostprocessing = 0;
		};
/* End PBXFrameworksBuildPhase section */

/* Begin PBXGroup section */
		1ABC4FAE1A5C966200DC4F4D = {
			isa = PBXGroup;
			children = (
				1ABC4FB91A5C966200DC4F4D /* OrderedSet */,
				1ABC4FD11A5C966200DC4F4D /* OrderedSetTests */,
				1ABC4FB81A5C966200DC4F4D /* Products */,
			);
			sourceTree = "<group>";
		};
		1ABC4FB81A5C966200DC4F4D /* Products */ = {
			isa = PBXGroup;
			children = (
				1ABC4FB71A5C966200DC4F4D /* OrderedSet.app */,
				1ABC4FCE1A5C966200DC4F4D /* OrderedSetTests.xctest */,
			);
			name = Products;
			sourceTree = "<group>";
		};
		1ABC4FB91A5C966200DC4F4D /* OrderedSet */ = {
			isa = PBXGroup;
			children = (
				1ABC4FDE1A5C97F500DC4F4D /* OrderedSet.swift */,
				1ABC4FBC1A5C966200DC4F4D /* AppDelegate.swift */,
				1ABC4FBE1A5C966200DC4F4D /* MasterViewController.swift */,
				1ABC4FC21A5C966200DC4F4D /* Main.storyboard */,
				1ABC4FC51A5C966200DC4F4D /* Images.xcassets */,
				1ABC4FC71A5C966200DC4F4D /* LaunchScreen.xib */,
				1ABC4FBA1A5C966200DC4F4D /* Supporting Files */,
			);
			path = OrderedSet;
			sourceTree = "<group>";
		};
		1ABC4FBA1A5C966200DC4F4D /* Supporting Files */ = {
			isa = PBXGroup;
			children = (
				1ABC4FBB1A5C966200DC4F4D /* Info.plist */,
			);
			name = "Supporting Files";
			sourceTree = "<group>";
		};
		1ABC4FD11A5C966200DC4F4D /* OrderedSetTests */ = {
			isa = PBXGroup;
			children = (
				1A15ED121A5DC30B00D40BDD /* OrderedSet_Tests.swift */,
				1ABC4FD21A5C966200DC4F4D /* Supporting Files */,
			);
			path = OrderedSetTests;
			sourceTree = "<group>";
		};
		1ABC4FD21A5C966200DC4F4D /* Supporting Files */ = {
			isa = PBXGroup;
			children = (
				1ABC4FD31A5C966200DC4F4D /* Info.plist */,
			);
			name = "Supporting Files";
			sourceTree = "<group>";
		};
/* End PBXGroup section */

/* Begin PBXNativeTarget section */
		1ABC4FB61A5C966200DC4F4D /* OrderedSet */ = {
			isa = PBXNativeTarget;
			buildConfigurationList = 1ABC4FD81A5C966200DC4F4D /* Build configuration list for PBXNativeTarget "OrderedSet" */;
			buildPhases = (
				1ABC4FB31A5C966200DC4F4D /* Sources */,
				1ABC4FB41A5C966200DC4F4D /* Frameworks */,
				1ABC4FB51A5C966200DC4F4D /* Resources */,
			);
			buildRules = (
			);
			dependencies = (
			);
			name = OrderedSet;
			productName = OrderedSet;
			productReference = 1ABC4FB71A5C966200DC4F4D /* OrderedSet.app */;
			productType = "com.apple.product-type.application";
		};
		1ABC4FCD1A5C966200DC4F4D /* OrderedSetTests */ = {
			isa = PBXNativeTarget;
			buildConfigurationList = 1ABC4FDB1A5C966200DC4F4D /* Build configuration list for PBXNativeTarget "OrderedSetTests" */;
			buildPhases = (
				1ABC4FCA1A5C966200DC4F4D /* Sources */,
				1ABC4FCB1A5C966200DC4F4D /* Frameworks */,
				1ABC4FCC1A5C966200DC4F4D /* Resources */,
			);
			buildRules = (
			);
			dependencies = (
				1ABC4FD01A5C966200DC4F4D /* PBXTargetDependency */,
			);
			name = OrderedSetTests;
			productName = OrderedSetTests;
			productReference = 1ABC4FCE1A5C966200DC4F4D /* OrderedSetTests.xctest */;
			productType = "com.apple.product-type.bundle.unit-test";
		};
/* End PBXNativeTarget section */

/* Begin PBXProject section */
		1ABC4FAF1A5C966200DC4F4D /* Project object */ = {
			isa = PBXProject;
			attributes = {
				LastUpgradeCheck = 0610;
				ORGANIZATIONNAME = Weebly;
				TargetAttributes = {
					1ABC4FB61A5C966200DC4F4D = {
						CreatedOnToolsVersion = 6.1.1;
					};
					1ABC4FCD1A5C966200DC4F4D = {
						CreatedOnToolsVersion = 6.1.1;
						TestTargetID = 1ABC4FB61A5C966200DC4F4D;
					};
				};
			};
			buildConfigurationList = 1ABC4FB21A5C966200DC4F4D /* Build configuration list for PBXProject "OrderedSet" */;
			compatibilityVersion = "Xcode 3.2";
			developmentRegion = English;
			hasScannedForEncodings = 0;
			knownRegions = (
				en,
				Base,
			);
			mainGroup = 1ABC4FAE1A5C966200DC4F4D;
			productRefGroup = 1ABC4FB81A5C966200DC4F4D /* Products */;
			projectDirPath = "";
			projectRoot = "";
			targets = (
				1ABC4FB61A5C966200DC4F4D /* OrderedSet */,
				1ABC4FCD1A5C966200DC4F4D /* OrderedSetTests */,
			);
		};
/* End PBXProject section */

/* Begin PBXResourcesBuildPhase section */
		1ABC4FB51A5C966200DC4F4D /* Resources */ = {
			isa = PBXResourcesBuildPhase;
			buildActionMask = 2147483647;
			files = (
				1ABC4FC41A5C966200DC4F4D /* Main.storyboard in Resources */,
				1ABC4FC91A5C966200DC4F4D /* LaunchScreen.xib in Resources */,
				1ABC4FC61A5C966200DC4F4D /* Images.xcassets in Resources */,
			);
			runOnlyForDeploymentPostprocessing = 0;
		};
		1ABC4FCC1A5C966200DC4F4D /* Resources */ = {
			isa = PBXResourcesBuildPhase;
			buildActionMask = 2147483647;
			files = (
			);
			runOnlyForDeploymentPostprocessing = 0;
		};
/* End PBXResourcesBuildPhase section */

/* Begin PBXSourcesBuildPhase section */
		1ABC4FB31A5C966200DC4F4D /* Sources */ = {
			isa = PBXSourcesBuildPhase;
			buildActionMask = 2147483647;
			files = (
				1ABC4FDF1A5C97F500DC4F4D /* OrderedSet.swift in Sources */,
				1ABC4FBF1A5C966200DC4F4D /* MasterViewController.swift in Sources */,
				1ABC4FBD1A5C966200DC4F4D /* AppDelegate.swift in Sources */,
			);
			runOnlyForDeploymentPostprocessing = 0;
		};
		1ABC4FCA1A5C966200DC4F4D /* Sources */ = {
			isa = PBXSourcesBuildPhase;
			buildActionMask = 2147483647;
			files = (
				1A15ED131A5DC30B00D40BDD /* OrderedSet_Tests.swift in Sources */,
			);
			runOnlyForDeploymentPostprocessing = 0;
		};
/* End PBXSourcesBuildPhase section */

/* Begin PBXTargetDependency section */
		1ABC4FD01A5C966200DC4F4D /* PBXTargetDependency */ = {
			isa = PBXTargetDependency;
			target = 1ABC4FB61A5C966200DC4F4D /* OrderedSet */;
			targetProxy = 1ABC4FCF1A5C966200DC4F4D /* PBXContainerItemProxy */;
		};
/* End PBXTargetDependency section */

/* Begin PBXVariantGroup section */
		1ABC4FC21A5C966200DC4F4D /* Main.storyboard */ = {
			isa = PBXVariantGroup;
			children = (
				1ABC4FC31A5C966200DC4F4D /* Base */,
			);
			name = Main.storyboard;
			sourceTree = "<group>";
		};
		1ABC4FC71A5C966200DC4F4D /* LaunchScreen.xib */ = {
			isa = PBXVariantGroup;
			children = (
				1ABC4FC81A5C966200DC4F4D /* Base */,
			);
			name = LaunchScreen.xib;
			sourceTree = "<group>";
		};
/* End PBXVariantGroup section */

/* Begin XCBuildConfiguration section */
		1ABC4FD61A5C966200DC4F4D /* Debug */ = {
			isa = XCBuildConfiguration;
			buildSettings = {
				ALWAYS_SEARCH_USER_PATHS = NO;
				CLANG_CXX_LANGUAGE_STANDARD = "gnu++0x";
				CLANG_CXX_LIBRARY = "libc++";
				CLANG_ENABLE_MODULES = YES;
				CLANG_ENABLE_OBJC_ARC = YES;
				CLANG_WARN_BOOL_CONVERSION = YES;
				CLANG_WARN_CONSTANT_CONVERSION = YES;
				CLANG_WARN_DIRECT_OBJC_ISA_USAGE = YES_ERROR;
				CLANG_WARN_EMPTY_BODY = YES;
				CLANG_WARN_ENUM_CONVERSION = YES;
				CLANG_WARN_INT_CONVERSION = YES;
				CLANG_WARN_OBJC_ROOT_CLASS = YES_ERROR;
				CLANG_WARN_UNREACHABLE_CODE = YES;
				CLANG_WARN__DUPLICATE_METHOD_MATCH = YES;
				"CODE_SIGN_IDENTITY[sdk=iphoneos*]" = "iPhone Developer";
				COPY_PHASE_STRIP = NO;
				ENABLE_STRICT_OBJC_MSGSEND = YES;
				GCC_C_LANGUAGE_STANDARD = gnu99;
				GCC_DYNAMIC_NO_PIC = NO;
				GCC_OPTIMIZATION_LEVEL = 0;
				GCC_PREPROCESSOR_DEFINITIONS = (
					"DEBUG=1",
					"$(inherited)",
				);
				GCC_SYMBOLS_PRIVATE_EXTERN = NO;
				GCC_WARN_64_TO_32_BIT_CONVERSION = YES;
				GCC_WARN_ABOUT_RETURN_TYPE = YES_ERROR;
				GCC_WARN_UNDECLARED_SELECTOR = YES;
				GCC_WARN_UNINITIALIZED_AUTOS = YES_AGGRESSIVE;
				GCC_WARN_UNUSED_FUNCTION = YES;
				GCC_WARN_UNUSED_VARIABLE = YES;
				IPHONEOS_DEPLOYMENT_TARGET = 8.1;
				MTL_ENABLE_DEBUG_INFO = YES;
				ONLY_ACTIVE_ARCH = YES;
				SDKROOT = iphoneos;
				SWIFT_OPTIMIZATION_LEVEL = "-Onone";
			};
			name = Debug;
		};
		1ABC4FD71A5C966200DC4F4D /* Release */ = {
			isa = XCBuildConfiguration;
			buildSettings = {
				ALWAYS_SEARCH_USER_PATHS = NO;
				CLANG_CXX_LANGUAGE_STANDARD = "gnu++0x";
				CLANG_CXX_LIBRARY = "libc++";
				CLANG_ENABLE_MODULES = YES;
				CLANG_ENABLE_OBJC_ARC = YES;
				CLANG_WARN_BOOL_CONVERSION = YES;
				CLANG_WARN_CONSTANT_CONVERSION = YES;
				CLANG_WARN_DIRECT_OBJC_ISA_USAGE = YES_ERROR;
				CLANG_WARN_EMPTY_BODY = YES;
				CLANG_WARN_ENUM_CONVERSION = YES;
				CLANG_WARN_INT_CONVERSION = YES;
				CLANG_WARN_OBJC_ROOT_CLASS = YES_ERROR;
				CLANG_WARN_UNREACHABLE_CODE = YES;
				CLANG_WARN__DUPLICATE_METHOD_MATCH = YES;
				"CODE_SIGN_IDENTITY[sdk=iphoneos*]" = "iPhone Developer";
				COPY_PHASE_STRIP = YES;
				ENABLE_NS_ASSERTIONS = NO;
				ENABLE_STRICT_OBJC_MSGSEND = YES;
				GCC_C_LANGUAGE_STANDARD = gnu99;
				GCC_WARN_64_TO_32_BIT_CONVERSION = YES;
				GCC_WARN_ABOUT_RETURN_TYPE = YES_ERROR;
				GCC_WARN_UNDECLARED_SELECTOR = YES;
				GCC_WARN_UNINITIALIZED_AUTOS = YES_AGGRESSIVE;
				GCC_WARN_UNUSED_FUNCTION = YES;
				GCC_WARN_UNUSED_VARIABLE = YES;
				IPHONEOS_DEPLOYMENT_TARGET = 8.1;
				MTL_ENABLE_DEBUG_INFO = NO;
				SDKROOT = iphoneos;
				VALIDATE_PRODUCT = YES;
			};
			name = Release;
		};
		1ABC4FD91A5C966200DC4F4D /* Debug */ = {
			isa = XCBuildConfiguration;
			buildSettings = {
				ASSETCATALOG_COMPILER_APPICON_NAME = AppIcon;
				INFOPLIST_FILE = OrderedSet/Info.plist;
				LD_RUNPATH_SEARCH_PATHS = "$(inherited) @executable_path/Frameworks";
				PRODUCT_NAME = "$(TARGET_NAME)";
			};
			name = Debug;
		};
		1ABC4FDA1A5C966200DC4F4D /* Release */ = {
			isa = XCBuildConfiguration;
			buildSettings = {
				ASSETCATALOG_COMPILER_APPICON_NAME = AppIcon;
				INFOPLIST_FILE = OrderedSet/Info.plist;
				LD_RUNPATH_SEARCH_PATHS = "$(inherited) @executable_path/Frameworks";
				PRODUCT_NAME = "$(TARGET_NAME)";
			};
			name = Release;
		};
		1ABC4FDC1A5C966200DC4F4D /* Debug */ = {
			isa = XCBuildConfiguration;
			buildSettings = {
				BUNDLE_LOADER = "$(TEST_HOST)";
				FRAMEWORK_SEARCH_PATHS = (
					"$(SDKROOT)/Developer/Library/Frameworks",
					"$(inherited)",
				);
				GCC_PREPROCESSOR_DEFINITIONS = (
					"DEBUG=1",
					"$(inherited)",
				);
				INFOPLIST_FILE = OrderedSetTests/Info.plist;
				LD_RUNPATH_SEARCH_PATHS = "$(inherited) @executable_path/Frameworks @loader_path/Frameworks";
				PRODUCT_NAME = "$(TARGET_NAME)";
				TEST_HOST = "$(BUILT_PRODUCTS_DIR)/OrderedSet.app/OrderedSet";
			};
			name = Debug;
		};
		1ABC4FDD1A5C966200DC4F4D /* Release */ = {
			isa = XCBuildConfiguration;
			buildSettings = {
				BUNDLE_LOADER = "$(TEST_HOST)";
				FRAMEWORK_SEARCH_PATHS = (
					"$(SDKROOT)/Developer/Library/Frameworks",
					"$(inherited)",
				);
				INFOPLIST_FILE = OrderedSetTests/Info.plist;
				LD_RUNPATH_SEARCH_PATHS = "$(inherited) @executable_path/Frameworks @loader_path/Frameworks";
				PRODUCT_NAME = "$(TARGET_NAME)";
				TEST_HOST = "$(BUILT_PRODUCTS_DIR)/OrderedSet.app/OrderedSet";
			};
			name = Release;
		};
/* End XCBuildConfiguration section */

/* Begin XCConfigurationList section */
		1ABC4FB21A5C966200DC4F4D /* Build configuration list for PBXProject "OrderedSet" */ = {
			isa = XCConfigurationList;
			buildConfigurations = (
				1ABC4FD61A5C966200DC4F4D /* Debug */,
				1ABC4FD71A5C966200DC4F4D /* Release */,
			);
			defaultConfigurationIsVisible = 0;
			defaultConfigurationName = Release;
		};
		1ABC4FD81A5C966200DC4F4D /* Build configuration list for PBXNativeTarget "OrderedSet" */ = {
			isa = XCConfigurationList;
			buildConfigurations = (
				1ABC4FD91A5C966200DC4F4D /* Debug */,
				1ABC4FDA1A5C966200DC4F4D /* Release */,
			);
			defaultConfigurationIsVisible = 0;
			defaultConfigurationName = Release;
		};
		1ABC4FDB1A5C966200DC4F4D /* Build configuration list for PBXNativeTarget "OrderedSetTests" */ = {
			isa = XCConfigurationList;
			buildConfigurations = (
				1ABC4FDC1A5C966200DC4F4D /* Debug */,
				1ABC4FDD1A5C966200DC4F4D /* Release */,
			);
			defaultConfigurationIsVisible = 0;
			defaultConfigurationName = Release;
		};
/* End XCConfigurationList section */
	};
	rootObject = 1ABC4FAF1A5C966200DC4F4D /* Project object */;
}
